dependencies:
- name: mysql
  repository: https://charts.bitnami.com/bitnami
  version: 11.1.15
- name: redis
  repository: https://charts.bitnami.com/bitnami
  version: 20.0.2
- name: rabbitmq
  repository: https://charts.bitnami.com/bitnami
  version: 14.6.6
- name: minio
  repository: https://charts.bitnami.com/bitnami
  version: 14.7.0
- name: vault
  repository: https://helm.releases.hashicorp.com
  version: 0.28.1
- name: authup
  repository: file://../third-party/authup
  version: 0.1.0
- name: hub-client-ui
  repository: file://../hub-client-ui
  version: 0.1.0
- name: hub-server-core
  repository: file://../hub-server-core
  version: 0.1.0
- name: hub-server-messenger
  repository: file://../hub-server-messenger
  version: 0.1.0
- name: hub-server-storage
  repository: file://../hub-server-storage
  version: 0.1.0
- name: hub-server-analysis-manager
  repository: file://../hub-server-analysis-manager
  version: 0.1.0
digest: sha256:ca732c53486d1774332a1b3248735c327bae9c6738520fa590ed8540063c0ef2
generated: "2024-08-19T11:47:26.0838507+02:00"
